
Microsoft Visual Studio Solution File, Format Version 12.00
# Visual Studio Version 17
VisualStudioVersion = 17.0.31903.59
MinimumVisualStudioVersion = 10.0.40219.1
Project("{9A19103F-16F7-4668-BE54-9A1E7A4F7556}") = "ZookeeperBrowser", "ZookeeperBrowser.csproj", "{8B674D4C-8292-4CA0-8BAF-9EFC5F13C21C}"
EndProject
Global
	GlobalSection(SolutionConfigurationPlatforms) = preSolution
		Debug|Any CPU = Debug|Any CPU
		Release|Any CPU = Release|Any CPU
	EndGlobalSection
	GlobalSection(ProjectConfigurationPlatforms) = postSolution
		{8B674D4C-8292-4CA0-8BAF-9EFC5F13C21C}.Debug|Any CPU.ActiveCfg = Debug|Any CPU
		{8B674D4C-8292-4CA0-8BAF-9EFC5F13C21C}.Debug|Any CPU.Build.0 = Debug|Any CPU
		{8B674D4C-8292-4CA0-8BAF-9EFC5F13C21C}.Release|Any CPU.ActiveCfg = Release|Any CPU
		{8B674D4C-8292-4CA0-8BAF-9EFC5F13C21C}.Release|Any CPU.Build.0 = Release|Any CPU
	EndGlobalSection
	GlobalSection(SolutionProperties) = preSolution
		HideSolutionNode = FALSE
	EndGlobalSection
	GlobalSection(ExtensibilityGlobals) = postSolution
		SolutionGuid = {A51E81FF-1AEC-492E-BD31-373ACF8B6CA7}
	EndGlobalSection
EndGlobal
