
Microsoft Visual Studio Solution File, Format Version 12.00
# Visual Studio Version 17
VisualStudioVersion = 17.0.31903.59
MinimumVisualStudioVersion = 10.0.40219.1
Project("{9A19103F-16F7-4668-BE54-9A1E7A4F7556}") = "ZookeeperBrowser", "ZookeeperBrowser.csproj", "{8B674D4C-8292-4CA0-8BAF-9EFC5F13C21C}"
EndProject
Project("{9A19103F-16F7-4668-BE54-9A1E7A4F7556}") = "CoreAPI", "..\CoreAPI\CoreAPI.csproj", "{9FBA224A-EF3D-422E-9449-01E02EEBFA12}"
EndProject
Project("{2150E333-8FDC-42A3-9474-1A3956D46DE8}") = "Model", "Model", "{1BDC2270-C413-46A5-B373-23EEC4A479B0}"
EndProject
Project("{FAE04EC0-301F-11D3-BF4B-00C04F79EFBC}") = "AllDto", "..\AllDto\AllDto.csproj", "{DF30A6AF-D45C-48DD-AA2C-3BA58CD5CB76}"
EndProject
Project("{FAE04EC0-301F-11D3-BF4B-00C04F79EFBC}") = "AllModel", "..\AllModel\AllModel.csproj", "{53412D49-F8B8-4597-9307-55F08F1180D2}"
EndProject
Global
	GlobalSection(SolutionConfigurationPlatforms) = preSolution
		Debug|Any CPU = Debug|Any CPU
		Release|Any CPU = Release|Any CPU
	EndGlobalSection
	GlobalSection(ProjectConfigurationPlatforms) = postSolution
		{8B674D4C-8292-4CA0-8BAF-9EFC5F13C21C}.Debug|Any CPU.ActiveCfg = Debug|Any CPU
		{8B674D4C-8292-4CA0-8BAF-9EFC5F13C21C}.Debug|Any CPU.Build.0 = Debug|Any CPU
		{8B674D4C-8292-4CA0-8BAF-9EFC5F13C21C}.Release|Any CPU.ActiveCfg = Release|Any CPU
		{8B674D4C-8292-4CA0-8BAF-9EFC5F13C21C}.Release|Any CPU.Build.0 = Release|Any CPU
		{9FBA224A-EF3D-422E-9449-01E02EEBFA12}.Debug|Any CPU.ActiveCfg = Debug|Any CPU
		{9FBA224A-EF3D-422E-9449-01E02EEBFA12}.Debug|Any CPU.Build.0 = Debug|Any CPU
		{9FBA224A-EF3D-422E-9449-01E02EEBFA12}.Release|Any CPU.ActiveCfg = Release|Any CPU
		{9FBA224A-EF3D-422E-9449-01E02EEBFA12}.Release|Any CPU.Build.0 = Release|Any CPU
		{DF30A6AF-D45C-48DD-AA2C-3BA58CD5CB76}.Debug|Any CPU.ActiveCfg = Debug|Any CPU
		{DF30A6AF-D45C-48DD-AA2C-3BA58CD5CB76}.Debug|Any CPU.Build.0 = Debug|Any CPU
		{DF30A6AF-D45C-48DD-AA2C-3BA58CD5CB76}.Release|Any CPU.ActiveCfg = Release|Any CPU
		{DF30A6AF-D45C-48DD-AA2C-3BA58CD5CB76}.Release|Any CPU.Build.0 = Release|Any CPU
		{53412D49-F8B8-4597-9307-55F08F1180D2}.Debug|Any CPU.ActiveCfg = Debug|Any CPU
		{53412D49-F8B8-4597-9307-55F08F1180D2}.Debug|Any CPU.Build.0 = Debug|Any CPU
		{53412D49-F8B8-4597-9307-55F08F1180D2}.Release|Any CPU.ActiveCfg = Release|Any CPU
		{53412D49-F8B8-4597-9307-55F08F1180D2}.Release|Any CPU.Build.0 = Release|Any CPU
	EndGlobalSection
	GlobalSection(SolutionProperties) = preSolution
		HideSolutionNode = FALSE
	EndGlobalSection
	GlobalSection(NestedProjects) = preSolution
		{DF30A6AF-D45C-48DD-AA2C-3BA58CD5CB76} = {1BDC2270-C413-46A5-B373-23EEC4A479B0}
		{53412D49-F8B8-4597-9307-55F08F1180D2} = {1BDC2270-C413-46A5-B373-23EEC4A479B0}
	EndGlobalSection
	GlobalSection(ExtensibilityGlobals) = postSolution
		SolutionGuid = {A51E81FF-1AEC-492E-BD31-373ACF8B6CA7}
	EndGlobalSection
EndGlobal
